[root]
name = "mntmode"
version = "0.1.0"
dependencies = [
 "nl80211rs 0.1.0 (git+https://github.com/carrotsrc/nl80211rs)",
 "rsgnl 0.1.0 (git+https://github.com/carrotsrc/rsgnl)",
 "rsnl 0.0.2 (git+https://github.com/carrotsrc/rsnl)",
]

[[package]]
name = "nl80211rs"
version = "0.1.0"
source = "git+https://github.com/carrotsrc/nl80211rs#edcc28cd42b456794996168b44814baec0c88c94"

[[package]]
name = "rsgnl"
version = "0.1.0"
source = "git+https://github.com/carrotsrc/rsgnl#dd8a0af8427f3de587029c9ad9bb48335b4e1309"
dependencies = [
 "rsnl 0.0.2 (git+https://github.com/carrotsrc/rsnl)",
]

[[package]]
name = "rsnl"
version = "0.0.2"
source = "git+https://github.com/carrotsrc/rsnl#c85d52df58ffa6fcbf49fb44bca71009c02b7626"

