[root]
name = "mntmode"
version = "0.1.0"
dependencies = [
 "nl80211rs 0.1.0 (git+https://github.com/carrotsrc/nl80211rs)",
 "rsgnl 0.1.0 (git+https://github.com/carrotsrc/rsgnl)",
 "rsnl 0.0.2 (git+https://github.com/carrotsrc/rsnl)",
]

[[package]]
name = "nl80211rs"
version = "0.1.0"
source = "git+https://github.com/carrotsrc/nl80211rs#edcc28cd42b456794996168b44814baec0c88c94"

[[package]]
name = "rsgnl"
version = "0.1.0"
source = "git+https://github.com/carrotsrc/rsgnl#161d26d9b4c2105f3a386fbc4287ed70af53f7c9"
dependencies = [
 "rsnl 0.0.2 (git+https://github.com/carrotsrc/rsnl)",
]

[[package]]
name = "rsnl"
version = "0.0.2"
source = "git+https://github.com/carrotsrc/rsnl#50986b00a1ea4bab6fdff42d6b68e8332e43b62a"

